// !$*UTF8*$!
{
	archiveVersion = 1;
	classes = {
	};
	objectVersion = 50;
	objects = {

/* Begin PBXBuildFile section */
		A4EDE60A22A8FAE300C89C0E /* AppDelegate.m in Sources */ = {isa = PBXBuildFile; fileRef = A4EDE60922A8FAE300C89C0E /* AppDelegate.m */; };
		A4EDE60D22A8FAE300C89C0E /* ViewController.m in Sources */ = {isa = PBXBuildFile; fileRef = A4EDE60C22A8FAE300C89C0E /* ViewController.m */; };
		A4EDE61022A8FAE300C89C0E /* Main.storyboard in Resources */ = {isa = PBXBuildFile; fileRef = A4EDE60E22A8FAE300C89C0E /* Main.storyboard */; };
		A4EDE61222A8FAE400C89C0E /* Assets.xcassets in Resources */ = {isa = PBXBuildFile; fileRef = A4EDE61122A8FAE400C89C0E /* Assets.xcassets */; };
		A4EDE61522A8FAE400C89C0E /* LaunchScreen.storyboard in Resources */ = {isa = PBXBuildFile; fileRef = A4EDE61322A8FAE400C89C0E /* LaunchScreen.storyboard */; };
		A4EDE61822A8FAE400C89C0E /* main.m in Sources */ = {isa = PBXBuildFile; fileRef = A4EDE61722A8FAE400C89C0E /* main.m */; };
		A4EDE62122A8FC9000C89C0E /* CTMediator+A.m in Sources */ = {isa = PBXBuildFile; fileRef = A4EDE62022A8FC9000C89C0E /* CTMediator+A.m */; };
		B03601E45682675B7F1D79E9 /* Pods_A_Category.framework in Frameworks */ = {isa = PBXBuildFile; fileRef = 2812636604CB035FE7D10C0A /* Pods_A_Category.framework */; };
/* End PBXBuildFile section */

/* Begin PBXFileReference section */
		2812636604CB035FE7D10C0A /* Pods_A_Category.framework */ = {isa = PBXFileReference; explicitFileType = wrapper.framework; includeInIndex = 0; path = Pods_A_Category.framework; sourceTree = BUILT_PRODUCTS_DIR; };
		298921B0B6457F9436067FA7 /* Pods-A_Category.debug.xcconfig */ = {isa = PBXFileReference; includeInIndex = 1; lastKnownFileType = text.xcconfig; name = "Pods-A_Category.debug.xcconfig"; path = "Pods/Target Support Files/Pods-A_Category/Pods-A_Category.debug.xcconfig"; sourceTree = "<group>"; };
		A2CC1A2CC2C68C77A6360AFD /* Pods-A_Category.release.xcconfig */ = {isa = PBXFileReference; includeInIndex = 1; lastKnownFileType = text.xcconfig; name = "Pods-A_Category.release.xcconfig"; path = "Pods/Target Support Files/Pods-A_Category/Pods-A_Category.release.xcconfig"; sourceTree = "<group>"; };
		A4EDE60522A8FAE300C89C0E /* A_Category.app */ = {isa = PBXFileReference; explicitFileType = wrapper.application; includeInIndex = 0; path = A_Category.app; sourceTree = BUILT_PRODUCTS_DIR; };
		A4EDE60822A8FAE300C89C0E /* AppDelegate.h */ = {isa = PBXFileReference; lastKnownFileType = sourcecode.c.h; path = AppDelegate.h; sourceTree = "<group>"; };
		A4EDE60922A8FAE300C89C0E /* AppDelegate.m */ = {isa = PBXFileReference; lastKnownFileType = sourcecode.c.objc; path = AppDelegate.m; sourceTree = "<group>"; };
		A4EDE60B22A8FAE300C89C0E /* ViewController.h */ = {isa = PBXFileReference; lastKnownFileType = sourcecode.c.h; path = ViewController.h; sourceTree = "<group>"; };
		A4EDE60C22A8FAE300C89C0E /* ViewController.m */ = {isa = PBXFileReference; lastKnownFileType = sourcecode.c.objc; path = ViewController.m; sourceTree = "<group>"; };
		A4EDE60F22A8FAE300C89C0E /* Base */ = {isa = PBXFileReference; lastKnownFileType = file.storyboard; name = Base; path = Base.lproj/Main.storyboard; sourceTree = "<group>"; };
		A4EDE61122A8FAE400C89C0E /* Assets.xcassets */ = {isa = PBXFileReference; lastKnownFileType = folder.assetcatalog; path = Assets.xcassets; sourceTree = "<group>"; };
		A4EDE61422A8FAE400C89C0E /* Base */ = {isa = PBXFileReference; lastKnownFileType = file.storyboard; name = Base; path = Base.lproj/LaunchScreen.storyboard; sourceTree = "<group>"; };
		A4EDE61622A8FAE400C89C0E /* Info.plist */ = {isa = PBXFileReference; lastKnownFileType = text.plist.xml; path = Info.plist; sourceTree = "<group>"; };
		A4EDE61722A8FAE400C89C0E /* main.m */ = {isa = PBXFileReference; lastKnownFileType = sourcecode.c.objc; path = main.m; sourceTree = "<group>"; };
		A4EDE61F22A8FC9000C89C0E /* CTMediator+A.h */ = {isa = PBXFileReference; lastKnownFileType = sourcecode.c.h; path = "CTMediator+A.h"; sourceTree = "<group>"; };
		A4EDE62022A8FC9000C89C0E /* CTMediator+A.m */ = {isa = PBXFileReference; lastKnownFileType = sourcecode.c.objc; path = "CTMediator+A.m"; sourceTree = "<group>"; };
/* End PBXFileReference section */

/* Begin PBXFrameworksBuildPhase section */
		A4EDE60222A8FAE300C89C0E /* Frameworks */ = {
			isa = PBXFrameworksBuildPhase;
			buildActionMask = 2147483647;
			files = (
				B03601E45682675B7F1D79E9 /* Pods_A_Category.framework in Frameworks */,
			);
			runOnlyForDeploymentPostprocessing = 0;
		};
/* End PBXFrameworksBuildPhase section */

/* Begin PBXGroup section */
		A4EDE5FC22A8FAE300C89C0E = {
			isa = PBXGroup;
			children = (
				A4EDE60722A8FAE300C89C0E /* A_Category */,
				A4EDE60622A8FAE300C89C0E /* Products */,
				AF6A23924D3850A16A318D18 /* Pods */,
				CD67C8B3ED07A59768802C20 /* Frameworks */,
			);
			sourceTree = "<group>";
		};
		A4EDE60622A8FAE300C89C0E /* Products */ = {
			isa = PBXGroup;
			children = (
				A4EDE60522A8FAE300C89C0E /* A_Category.app */,
			);
			name = Products;
			sourceTree = "<group>";
		};
		A4EDE60722A8FAE300C89C0E /* A_Category */ = {
			isa = PBXGroup;
			children = (
				A4EDE61E22A8FC5400C89C0E /* A_Category */,
				A4EDE60822A8FAE300C89C0E /* AppDelegate.h */,
				A4EDE60922A8FAE300C89C0E /* AppDelegate.m */,
				A4EDE60B22A8FAE300C89C0E /* ViewController.h */,
				A4EDE60C22A8FAE300C89C0E /* ViewController.m */,
				A4EDE60E22A8FAE300C89C0E /* Main.storyboard */,
				A4EDE61122A8FAE400C89C0E /* Assets.xcassets */,
				A4EDE61322A8FAE400C89C0E /* LaunchScreen.storyboard */,
				A4EDE61622A8FAE400C89C0E /* Info.plist */,
				A4EDE61722A8FAE400C89C0E /* main.m */,
			);
			path = A_Category;
			sourceTree = "<group>";
		};
		A4EDE61E22A8FC5400C89C0E /* A_Category */ = {
			isa = PBXGroup;
			children = (
				A4EDE61F22A8FC9000C89C0E /* CTMediator+A.h */,
				A4EDE62022A8FC9000C89C0E /* CTMediator+A.m */,
			);
			path = A_Category;
			sourceTree = "<group>";
		};
		AF6A23924D3850A16A318D18 /* Pods */ = {
			isa = PBXGroup;
			children = (
				298921B0B6457F9436067FA7 /* Pods-A_Category.debug.xcconfig */,
				A2CC1A2CC2C68C77A6360AFD /* Pods-A_Category.release.xcconfig */,
			);
			name = Pods;
			sourceTree = "<group>";
		};
		CD67C8B3ED07A59768802C20 /* Frameworks */ = {
			isa = PBXGroup;
			children = (
				2812636604CB035FE7D10C0A /* Pods_A_Category.framework */,
			);
			name = Frameworks;
			sourceTree = "<group>";
		};
/* End PBXGroup section */

/* Begin PBXNativeTarget section */
		A4EDE60422A8FAE300C89C0E /* A_Category */ = {
			isa = PBXNativeTarget;
			buildConfigurationList = A4EDE61B22A8FAE400C89C0E /* Build configuration list for PBXNativeTarget "A_Category" */;
			buildPhases = (
				B987F49EB8F3682B42BDDD78 /* [CP] Check Pods Manifest.lock */,
				A4EDE60122A8FAE300C89C0E /* Sources */,
				A4EDE60222A8FAE300C89C0E /* Frameworks */,
				A4EDE60322A8FAE300C89C0E /* Resources */,
				F0E4C08A4CAC8F17B61D5E07 /* [CP] Embed Pods Frameworks */,
			);
			buildRules = (
			);
			dependencies = (
			);
			name = A_Category;
			productName = A_Category;
			productReference = A4EDE60522A8FAE300C89C0E /* A_Category.app */;
			productType = "com.apple.product-type.application";
		};
/* End PBXNativeTarget section */

/* Begin PBXProject section */
		A4EDE5FD22A8FAE300C89C0E /* Project object */ = {
			isa = PBXProject;
			attributes = {
				LastUpgradeCheck = 1020;
				ORGANIZATIONNAME = fadaixiaohai;
				TargetAttributes = {
					A4EDE60422A8FAE300C89C0E = {
						CreatedOnToolsVersion = 10.2.1;
					};
				};
			};
			buildConfigurationList = A4EDE60022A8FAE300C89C0E /* Build configuration list for PBXProject "A_Category" */;
			compatibilityVersion = "Xcode 9.3";
			developmentRegion = en;
			hasScannedForEncodings = 0;
			knownRegions = (
				en,
				Base,
			);
			mainGroup = A4EDE5FC22A8FAE300C89C0E;
			productRefGroup = A4EDE60622A8FAE300C89C0E /* Products */;
			projectDirPath = "";
			projectRoot = "";
			targets = (
				A4EDE60422A8FAE300C89C0E /* A_Category */,
			);
		};
/* End PBXProject section */

/* Begin PBXResourcesBuildPhase section */
		A4EDE60322A8FAE300C89C0E /* Resources */ = {
			isa = PBXResourcesBuildPhase;
			buildActionMask = 2147483647;
			files = (
				A4EDE61522A8FAE400C89C0E /* LaunchScreen.storyboard in Resources */,
				A4EDE61222A8FAE400C89C0E /* Assets.xcassets in Resources */,
				A4EDE61022A8FAE300C89C0E /* Main.storyboard in Resources */,
			);
			runOnlyForDeploymentPostprocessing = 0;
		};
/* End PBXResourcesBuildPhase section */

/* Begin PBXShellScriptBuildPhase section */
		B987F49EB8F3682B42BDDD78 /* [CP] Check Pods Manifest.lock */ = {
			isa = PBXShellScriptBuildPhase;
			buildActionMask = 2147483647;
			files = (
			);
			inputFileListPaths = (
			);
			inputPaths = (
				"${PODS_PODFILE_DIR_PATH}/Podfile.lock",
				"${PODS_ROOT}/Manifest.lock",
			);
			name = "[CP] Check Pods Manifest.lock";
			outputFileListPaths = (
			);
			outputPaths = (
				"$(DERIVED_FILE_DIR)/Pods-A_Category-checkManifestLockResult.txt",
			);
			runOnlyForDeploymentPostprocessing = 0;
			shellPath = /bin/sh;
			shellScript = "diff \"${PODS_PODFILE_DIR_PATH}/Podfile.lock\" \"${PODS_ROOT}/Manifest.lock\" > /dev/null\nif [ $? != 0 ] ; then\n    # print error to STDERR\n    echo \"error: The sandbox is not in sync with the Podfile.lock. Run 'pod install' or update your CocoaPods installation.\" >&2\n    exit 1\nfi\n# This output is used by Xcode 'outputs' to avoid re-running this script phase.\necho \"SUCCESS\" > \"${SCRIPT_OUTPUT_FILE_0}\"\n";
			showEnvVarsInLog = 0;
		};
		F0E4C08A4CAC8F17B61D5E07 /* [CP] Embed Pods Frameworks */ = {
			isa = PBXShellScriptBuildPhase;
			buildActionMask = 2147483647;
			files = (
			);
			inputFileListPaths = (
			);
			inputPaths = (
				"${SRCROOT}/Pods/Target Support Files/Pods-A_Category/Pods-A_Category-frameworks.sh",
				"${BUILT_PRODUCTS_DIR}/CTMediator/CTMediator.framework",
			);
			name = "[CP] Embed Pods Frameworks";
			outputFileListPaths = (
			);
			outputPaths = (
				"${TARGET_BUILD_DIR}/${FRAMEWORKS_FOLDER_PATH}/CTMediator.framework",
			);
			runOnlyForDeploymentPostprocessing = 0;
			shellPath = /bin/sh;
			shellScript = "\"${SRCROOT}/Pods/Target Support Files/Pods-A_Category/Pods-A_Category-frameworks.sh\"\n";
			showEnvVarsInLog = 0;
		};
/* End PBXShellScriptBuildPhase section */

/* Begin PBXSourcesBuildPhase section */
		A4EDE60122A8FAE300C89C0E /* Sources */ = {
			isa = PBXSourcesBuildPhase;
			buildActionMask = 2147483647;
			files = (
				A4EDE60D22A8FAE300C89C0E /* ViewController.m in Sources */,
				A4EDE62122A8FC9000C89C0E /* CTMediator+A.m in Sources */,
				A4EDE61822A8FAE400C89C0E /* main.m in Sources */,
				A4EDE60A22A8FAE300C89C0E /* AppDelegate.m in Sources */,
			);
			runOnlyForDeploymentPostprocessing = 0;
		};
/* End PBXSourcesBuildPhase section */

/* Begin PBXVariantGroup section */
		A4EDE60E22A8FAE300C89C0E /* Main.storyboard */ = {
			isa = PBXVariantGroup;
			children = (
				A4EDE60F22A8FAE300C89C0E /* Base */,
			);
			name = Main.storyboard;
			sourceTree = "<group>";
		};
		A4EDE61322A8FAE400C89C0E /* LaunchScreen.storyboard */ = {
			isa = PBXVariantGroup;
			children = (
				A4EDE61422A8FAE400C89C0E /* Base */,
			);
			name = LaunchScreen.storyboard;
			sourceTree = "<group>";
		};
/* End PBXVariantGroup section */

/* Begin XCBuildConfiguration section */
		A4EDE61922A8FAE400C89C0E /* Debug */ = {
			isa = XCBuildConfiguration;
			buildSettings = {
				ALWAYS_SEARCH_USER_PATHS = NO;
				CLANG_ANALYZER_NONNULL = YES;
				CLANG_ANALYZER_NUMBER_OBJECT_CONVERSION = YES_AGGRESSIVE;
				CLANG_CXX_LANGUAGE_STANDARD = "gnu++14";
				CLANG_CXX_LIBRARY = "libc++";
				CLANG_ENABLE_MODULES = YES;
				CLANG_ENABLE_OBJC_ARC = YES;
				CLANG_ENABLE_OBJC_WEAK = YES;
				CLANG_WARN_BLOCK_CAPTURE_AUTORELEASING = YES;
				CLANG_WARN_BOOL_CONVERSION = YES;
				CLANG_WARN_COMMA = YES;
				CLANG_WARN_CONSTANT_CONVERSION = YES;
				CLANG_WARN_DEPRECATED_OBJC_IMPLEMENTATIONS = YES;
				CLANG_WARN_DIRECT_OBJC_ISA_USAGE = YES_ERROR;
				CLANG_WARN_DOCUMENTATION_COMMENTS = YES;
				CLANG_WARN_EMPTY_BODY = YES;
				CLANG_WARN_ENUM_CONVERSION = YES;
				CLANG_WARN_INFINITE_RECURSION = YES;
				CLANG_WARN_INT_CONVERSION = YES;
				CLANG_WARN_NON_LITERAL_NULL_CONVERSION = YES;
				CLANG_WARN_OBJC_IMPLICIT_RETAIN_SELF = YES;
				CLANG_WARN_OBJC_LITERAL_CONVERSION = YES;
				CLANG_WARN_OBJC_ROOT_CLASS = YES_ERROR;
				CLANG_WARN_RANGE_LOOP_ANALYSIS = YES;
				CLANG_WARN_STRICT_PROTOTYPES = YES;
				CLANG_WARN_SUSPICIOUS_MOVE = YES;
				CLANG_WARN_UNGUARDED_AVAILABILITY = YES_AGGRESSIVE;
				CLANG_WARN_UNREACHABLE_CODE = YES;
				CLANG_WARN__DUPLICATE_METHOD_MATCH = YES;
				CODE_SIGN_IDENTITY = "iPhone Developer";
				COPY_PHASE_STRIP = NO;
				DEBUG_INFORMATION_FORMAT = dwarf;
				ENABLE_STRICT_OBJC_MSGSEND = YES;
				ENABLE_TESTABILITY = YES;
				GCC_C_LANGUAGE_STANDARD = gnu11;
				GCC_DYNAMIC_NO_PIC = NO;
				GCC_NO_COMMON_BLOCKS = YES;
				GCC_OPTIMIZATION_LEVEL = 0;
				GCC_PREPROCESSOR_DEFINITIONS = (
					"DEBUG=1",
					"$(inherited)",
				);
				GCC_WARN_64_TO_32_BIT_CONVERSION = YES;
				GCC_WARN_ABOUT_RETURN_TYPE = YES_ERROR;
				GCC_WARN_UNDECLARED_SELECTOR = YES;
				GCC_WARN_UNINITIALIZED_AUTOS = YES_AGGRESSIVE;
				GCC_WARN_UNUSED_FUNCTION = YES;
				GCC_WARN_UNUSED_VARIABLE = YES;
				IPHONEOS_DEPLOYMENT_TARGET = 12.2;
				MTL_ENABLE_DEBUG_INFO = INCLUDE_SOURCE;
				MTL_FAST_MATH = YES;
				ONLY_ACTIVE_ARCH = YES;
				SDKROOT = iphoneos;
			};
			name = Debug;
		};
		A4EDE61A22A8FAE400C89C0E /* Release */ = {
			isa = XCBuildConfiguration;
			buildSettings = {
				ALWAYS_SEARCH_USER_PATHS = NO;
				CLANG_ANALYZER_NONNULL = YES;
				CLANG_ANALYZER_NUMBER_OBJECT_CONVERSION = YES_AGGRESSIVE;
				CLANG_CXX_LANGUAGE_STANDARD = "gnu++14";
				CLANG_CXX_LIBRARY = "libc++";
				CLANG_ENABLE_MODULES = YES;
				CLANG_ENABLE_OBJC_ARC = YES;
				CLANG_ENABLE_OBJC_WEAK = YES;
				CLANG_WARN_BLOCK_CAPTURE_AUTORELEASING = YES;
				CLANG_WARN_BOOL_CONVERSION = YES;
				CLANG_WARN_COMMA = YES;
				CLANG_WARN_CONSTANT_CONVERSION = YES;
				CLANG_WARN_DEPRECATED_OBJC_IMPLEMENTATIONS = YES;
				CLANG_WARN_DIRECT_OBJC_ISA_USAGE = YES_ERROR;
				CLANG_WARN_DOCUMENTATION_COMMENTS = YES;
				CLANG_WARN_EMPTY_BODY = YES;
				CLANG_WARN_ENUM_CONVERSION = YES;
				CLANG_WARN_INFINITE_RECURSION = YES;
				CLANG_WARN_INT_CONVERSION = YES;
				CLANG_WARN_NON_LITERAL_NULL_CONVERSION = YES;
				CLANG_WARN_OBJC_IMPLICIT_RETAIN_SELF = YES;
				CLANG_WARN_OBJC_LITERAL_CONVERSION = YES;
				CLANG_WARN_OBJC_ROOT_CLASS = YES_ERROR;
				CLANG_WARN_RANGE_LOOP_ANALYSIS = YES;
				CLANG_WARN_STRICT_PROTOTYPES = YES;
				CLANG_WARN_SUSPICIOUS_MOVE = YES;
				CLANG_WARN_UNGUARDED_AVAILABILITY = YES_AGGRESSIVE;
				CLANG_WARN_UNREACHABLE_CODE = YES;
				CLANG_WARN__DUPLICATE_METHOD_MATCH = YES;
				CODE_SIGN_IDENTITY = "iPhone Developer";
				COPY_PHASE_STRIP = NO;
				DEBUG_INFORMATION_FORMAT = "dwarf-with-dsym";
				ENABLE_NS_ASSERTIONS = NO;
				ENABLE_STRICT_OBJC_MSGSEND = YES;
				GCC_C_LANGUAGE_STANDARD = gnu11;
				GCC_NO_COMMON_BLOCKS = YES;
				GCC_WARN_64_TO_32_BIT_CONVERSION = YES;
				GCC_WARN_ABOUT_RETURN_TYPE = YES_ERROR;
				GCC_WARN_UNDECLARED_SELECTOR = YES;
				GCC_WARN_UNINITIALIZED_AUTOS = YES_AGGRESSIVE;
				GCC_WARN_UNUSED_FUNCTION = YES;
				GCC_WARN_UNUSED_VARIABLE = YES;
				IPHONEOS_DEPLOYMENT_TARGET = 12.2;
				MTL_ENABLE_DEBUG_INFO = NO;
				MTL_FAST_MATH = YES;
				SDKROOT = iphoneos;
				VALIDATE_PRODUCT = YES;
			};
			name = Release;
		};
		A4EDE61C22A8FAE400C89C0E /* Debug */ = {
			isa = XCBuildConfiguration;
			baseConfigurationReference = 298921B0B6457F9436067FA7 /* Pods-A_Category.debug.xcconfig */;
			buildSettings = {
				ASSETCATALOG_COMPILER_APPICON_NAME = AppIcon;
				CODE_SIGN_STYLE = Automatic;
				INFOPLIST_FILE = A_Category/Info.plist;
				LD_RUNPATH_SEARCH_PATHS = (
					"$(inherited)",
					"@executable_path/Frameworks",
				);
				PRODUCT_BUNDLE_IDENTIFIER = "com.fadaixiaohai.A-Category";
				PRODUCT_NAME = "$(TARGET_NAME)";
				TARGETED_DEVICE_FAMILY = "1,2";
			};
			name = Debug;
		};
		A4EDE61D22A8FAE400C89C0E /* Release */ = {
			isa = XCBuildConfiguration;
			baseConfigurationReference = A2CC1A2CC2C68C77A6360AFD /* Pods-A_Category.release.xcconfig */;
			buildSettings = {
				ASSETCATALOG_COMPILER_APPICON_NAME = AppIcon;
				CODE_SIGN_STYLE = Automatic;
				INFOPLIST_FILE = A_Category/Info.plist;
				LD_RUNPATH_SEARCH_PATHS = (
					"$(inherited)",
					"@executable_path/Frameworks",
				);
				PRODUCT_BUNDLE_IDENTIFIER = "com.fadaixiaohai.A-Category";
				PRODUCT_NAME = "$(TARGET_NAME)";
				TARGETED_DEVICE_FAMILY = "1,2";
			};
			name = Release;
		};
/* End XCBuildConfiguration section */

/* Begin XCConfigurationList section */
		A4EDE60022A8FAE300C89C0E /* Build configuration list for PBXProject "A_Category" */ = {
			isa = XCConfigurationList;
			buildConfigurations = (
				A4EDE61922A8FAE400C89C0E /* Debug */,
				A4EDE61A22A8FAE400C89C0E /* Release */,
			);
			defaultConfigurationIsVisible = 0;
			defaultConfigurationName = Release;
		};
		A4EDE61B22A8FAE400C89C0E /* Build configuration list for PBXNativeTarget "A_Category" */ = {
			isa = XCConfigurationList;
			buildConfigurations = (
				A4EDE61C22A8FAE400C89C0E /* Debug */,
				A4EDE61D22A8FAE400C89C0E /* Release */,
			);
			defaultConfigurationIsVisible = 0;
			defaultConfigurationName = Release;
		};
/* End XCConfigurationList section */
	};
	rootObject = A4EDE5FD22A8FAE300C89C0E /* Project object */;
}
